{
  "object": {
    "pins": [
      {
        "package": "cmark",
        "repositoryURL": "https://github.com/brokenhandsio/cmark-gfm.git",
        "state": {
          "branch": null,
          "revision": "351e5cb1bc6a43567b8ff9b9b3f7357c58bdda83",
          "version": "1.0.1"
        }
      },
      {
        "package": "Files",
        "repositoryURL": "https://github.com/JohnSundell/Files",
        "state": {
          "branch": null,
          "revision": "6568bfe636f02dfd85dc9d51b3782555b83080d3",
          "version": "4.0.2"
        }
      },
      {
        "package": "Ink",
        "repositoryURL": "https://github.com/steve-h/Ink",
        "state": {
          "branch": "backslashescapes",
          "revision": "83be299afedc93115aaed6d2abe878c59451c031",
          "version": null
        }
      },
      {
        "package": "SwiftMarkdown",
        "repositoryURL": "https://github.com/vapor-community/markdown",
        "state": {
          "branch": null,
          "revision": "eb3137b9122c84ac1b86e4a203b4804f63d35470",
          "version": "0.5.0"
        }
      },
      {
        "package": "Regex",
        "repositoryURL": "https://github.com/crossroadlabs/Regex.git",
        "state": {
          "branch": null,
          "revision": "166728756082a9cac6e4aed3ebbce8e41cb3a945",
          "version": "1.2.0"
        }
      },
      {
        "package": "SwiftShell",
        "repositoryURL": "https://github.com/kareman/SwiftShell",
        "state": {
          "branch": null,
          "revision": "fb7fc2c9ad8811caf324431a508fb79e3fb74f99",
          "version": "5.0.1"
        }
      },
      {
        "package": "SwiftSoup",
        "repositoryURL": "https://github.com/scinfu/SwiftSoup.git",
        "state": {
          "branch": null,
          "revision": "34a24b6e27fe6302c5b5630325b64adc3e3b5bca",
          "version": "2.2.2"
        }
      }
    ]
  },
  "version": 1
}
